
Microsoft Visual Studio Solution File, Format Version 12.00
# Visual Studio 2013
VisualStudioVersion = 12.0.30501.0
MinimumVisualStudioVersion = 10.0.40219.1
Project("{FAE04EC0-301F-11D3-BF4B-00C04F79EFBC}") = "Library", "Library\Library.csproj", "{DC7BB554-8113-4CF8-A16B-CDF8B6B87713}"
EndProject
Project("{FAE04EC0-301F-11D3-BF4B-00C04F79EFBC}") = "Web", "Web\Web.csproj", "{B76FB403-E17D-413D-88F9-432CDB218A64}"
EndProject
Global
	GlobalSection(SolutionConfigurationPlatforms) = preSolution
		Debug|Any CPU = Debug|Any CPU
		Release|Any CPU = Release|Any CPU
	EndGlobalSection
	GlobalSection(ProjectConfigurationPlatforms) = postSolution
		{DC7BB554-8113-4CF8-A16B-CDF8B6B87713}.Debug|Any CPU.ActiveCfg = Debug|Any CPU
		{DC7BB554-8113-4CF8-A16B-CDF8B6B87713}.Debug|Any CPU.Build.0 = Debug|Any CPU
		{DC7BB554-8113-4CF8-A16B-CDF8B6B87713}.Release|Any CPU.ActiveCfg = Release|Any CPU
		{DC7BB554-8113-4CF8-A16B-CDF8B6B87713}.Release|Any CPU.Build.0 = Release|Any CPU
		{B76FB403-E17D-413D-88F9-432CDB218A64}.Debug|Any CPU.ActiveCfg = Debug|Any CPU
		{B76FB403-E17D-413D-88F9-432CDB218A64}.Debug|Any CPU.Build.0 = Debug|Any CPU
		{B76FB403-E17D-413D-88F9-432CDB218A64}.Release|Any CPU.ActiveCfg = Release|Any CPU
		{B76FB403-E17D-413D-88F9-432CDB218A64}.Release|Any CPU.Build.0 = Release|Any CPU
	EndGlobalSection
	GlobalSection(SolutionProperties) = preSolution
		HideSolutionNode = FALSE
	EndGlobalSection
	GlobalSection(ExtensibilityGlobals) = postSolution
		SolutionGuid = {75A2E726-BDB5-46D6-AAFE-383EB9453C4F}
	EndGlobalSection
EndGlobal
